PODS:
  - Alamofire (3.2.0)
  - Soracom (0.1.0):
    - Alamofire (~> 3.1)

DEPENDENCIES:
  - Soracom (from `../`)

EXTERNAL SOURCES:
  Soracom:
    :path: ../

SPEC CHECKSUMS:
  Alamofire: 4da478599fccddff361205c8929333d7fe18dceb
  Soracom: afd518ee440990e5f3ab0ed40406fb6eb5aecc9d

COCOAPODS: 0.39.0
