PODS:
  - Alamofire (3.2.0)
  - Soracom (0.1.0):
    - Alamofire (~> 3.1)

DEPENDENCIES:
  - Soracom (from `../`)

EXTERNAL SOURCES:
  Soracom:
    :path: "../"

SPEC CHECKSUMS:
  Alamofire: 4da478599fccddff361205c8929333d7fe18dceb
  Soracom: 58727241d4bc907e08609902a922e700a1b13da6

PODFILE CHECKSUM: 4254f45ed6e2e113996ae8fedcdef90e9d7dafdc

COCOAPODS: 1.0.0.beta.3
